
Microsoft Visual Studio Solution File, Format Version 10.00
# Visual Studio 2008
Project("{8BC9CEB8-8B4A-11D0-8D11-00A0C91BC942}") = "st", "st.vcproj", "{6998F17C-7CBE-42D7-9983-37769C81D836}"
EndProject
Global
	GlobalSection(SolutionConfigurationPlatforms) = preSolution
		Debug|Win32 = Debug|Win32
		Release|Win32 = Release|Win32
	EndGlobalSection
	GlobalSection(ProjectConfigurationPlatforms) = postSolution
		{6998F17C-7CBE-42D7-9983-37769C81D836}.Debug|Win32.ActiveCfg = Debug|Win32
		{6998F17C-7CBE-42D7-9983-37769C81D836}.Debug|Win32.Build.0 = Debug|Win32
		{6998F17C-7CBE-42D7-9983-37769C81D836}.Release|Win32.ActiveCfg = Release|Win32
		{6998F17C-7CBE-42D7-9983-37769C81D836}.Release|Win32.Build.0 = Release|Win32
	EndGlobalSection
	GlobalSection(SolutionProperties) = preSolution
		HideSolutionNode = FALSE
	EndGlobalSection
EndGlobal
